
Microsoft Visual Studio Solution File, Format Version 12.00
# Visual Studio Version 17
VisualStudioVersion = 17.7.33927.210
MinimumVisualStudioVersion = 10.0.40219.1
Project("{FAE04EC0-301F-11D3-BF4B-00C04F79EFBC}") = "WebApplicationFormToObject", "WebApplicationFormToObject\WebApplicationFormToObject.csproj", "{726868BF-1C27-4FDC-B187-B8E2D8A037AD}"
EndProject
Project("{FAE04EC0-301F-11D3-BF4B-00C04F79EFBC}") = "Tests", "Tests\Tests.csproj", "{B20E48BF-182D-4829-969F-D61531C3FBE4}"
EndProject
Global
	GlobalSection(SolutionConfigurationPlatforms) = preSolution
		Debug|Any CPU = Debug|Any CPU
		Release|Any CPU = Release|Any CPU
	EndGlobalSection
	GlobalSection(ProjectConfigurationPlatforms) = postSolution
		{726868BF-1C27-4FDC-B187-B8E2D8A037AD}.Debug|Any CPU.ActiveCfg = Debug|Any CPU
		{726868BF-1C27-4FDC-B187-B8E2D8A037AD}.Debug|Any CPU.Build.0 = Debug|Any CPU
		{726868BF-1C27-4FDC-B187-B8E2D8A037AD}.Release|Any CPU.ActiveCfg = Release|Any CPU
		{726868BF-1C27-4FDC-B187-B8E2D8A037AD}.Release|Any CPU.Build.0 = Release|Any CPU
		{B20E48BF-182D-4829-969F-D61531C3FBE4}.Debug|Any CPU.ActiveCfg = Debug|Any CPU
		{B20E48BF-182D-4829-969F-D61531C3FBE4}.Debug|Any CPU.Build.0 = Debug|Any CPU
		{B20E48BF-182D-4829-969F-D61531C3FBE4}.Release|Any CPU.ActiveCfg = Release|Any CPU
		{B20E48BF-182D-4829-969F-D61531C3FBE4}.Release|Any CPU.Build.0 = Release|Any CPU
	EndGlobalSection
	GlobalSection(SolutionProperties) = preSolution
		HideSolutionNode = FALSE
	EndGlobalSection
	GlobalSection(ExtensibilityGlobals) = postSolution
		SolutionGuid = {19CAD24B-4189-4090-B9B3-5CEA32FB5353}
	EndGlobalSection
EndGlobal
